# This file was autogenerated by Stack.
# You should not edit this file by hand.
# For more information, please see the documentation at:
#   https://docs.haskellstack.org/en/stable/lock_files

packages:
- completed:
    hackage: dom-selector-0.2.0.1@sha256:89f5dc75d762b01b9b09a42cc84ae8145efb3a2c5ba4f0d5605d928812606a5f,2693
    pantry-tree:
      size: 600
      sha256: 1f2afab3a4665d8640deba846c2fc392ade2d8370e6ffa470fa268929945ab6c
  original:
    hackage: dom-selector-0.2.0.1@sha256:89f5dc75d762b01b9b09a42cc84ae8145efb3a2c5ba4f0d5605d928812606a5f,2693
- completed:
    hackage: text-icu-translit-0.1.0.7@sha256:c8eaaee3331417a250365474067b7cb0f196ebabd04b3fe834c4e2b5a212b5ce,1723
    pantry-tree:
      size: 542
      sha256: 74233c36098c69ffdeac6fdf578ddf77c6308f6dda900b8c038a3b652768f253
  original:
    hackage: text-icu-translit-0.1.0.7@sha256:c8eaaee3331417a250365474067b7cb0f196ebabd04b3fe834c4e2b5a212b5ce,1723
snapshots:
- completed:
    size: 567037
    url: https://raw.githubusercontent.com/commercialhaskell/stackage-snapshots/master/lts/17/9.yaml
    sha256: d7d8d5106e53d1669964bd8bd2b0f88a5ad192d772f5376384b76738fd992311
  original: lts-17.9
