# This file was autogenerated by Stack.
# You should not edit this file by hand.
# For more information, please see the documentation at:
#   https://docs.haskellstack.org/en/stable/lock_files

packages:
- completed:
    hackage: dom-selector-0.2.0.1@sha256:89f5dc75d762b01b9b09a42cc84ae8145efb3a2c5ba4f0d5605d928812606a5f,2693
    pantry-tree:
      size: 600
      sha256: 1f2afab3a4665d8640deba846c2fc392ade2d8370e6ffa470fa268929945ab6c
  original:
    hackage: dom-selector-0.2.0.1
snapshots:
- completed:
    size: 496635
    url: https://raw.githubusercontent.com/commercialhaskell/stackage-snapshots/master/lts/13/12.yaml
    sha256: 67b74d6acad1342ba8089b75f415c1c63897e3f32091863c921104e8d0bdcfa0
  original: lts-13.12
